// !$*UTF8*$!
{
	archiveVersion = 1;
	classes = {
	};
	objectVersion = 50;
	objects = {

/* Begin PBXBuildFile section */
		5DEC9230215B7C4100D116BB /* AppDelegate.swift in Sources */ = {isa = PBXBuildFile; fileRef = 5DEC922F215B7C4100D116BB /* AppDelegate.swift */; };
		5DEC9235215B7C4100D116BB /* Main.storyboard in Resources */ = {isa = PBXBuildFile; fileRef = 5DEC9233215B7C4100D116BB /* Main.storyboard */; };
		5DEC9237215B7C4200D116BB /* Assets.xcassets in Resources */ = {isa = PBXBuildFile; fileRef = 5DEC9236215B7C4200D116BB /* Assets.xcassets */; };
		5DEC923A215B7C4200D116BB /* LaunchScreen.storyboard in Resources */ = {isa = PBXBuildFile; fileRef = 5DEC9238215B7C4200D116BB /* LaunchScreen.storyboard */; };
		5DEC9242215B824600D116BB /* TableauController.swift in Sources */ = {isa = PBXBuildFile; fileRef = 5DEC9241215B824600D116BB /* TableauController.swift */; };
		5DEC9244215B853C00D116BB /* Chansons.swift in Sources */ = {isa = PBXBuildFile; fileRef = 5DEC9243215B853C00D116BB /* Chansons.swift */; };
		5DEC9246215B96C500D116BB /* ChansonCell.swift in Sources */ = {isa = PBXBuildFile; fileRef = 5DEC9245215B96C500D116BB /* ChansonCell.swift */; };
/* End PBXBuildFile section */

/* Begin PBXFileReference section */
		5DEC922C215B7C4100D116BB /* lecteur Youtube.app */ = {isa = PBXFileReference; explicitFileType = wrapper.application; includeInIndex = 0; path = "lecteur Youtube.app"; sourceTree = BUILT_PRODUCTS_DIR; };
		5DEC922F215B7C4100D116BB /* AppDelegate.swift */ = {isa = PBXFileReference; lastKnownFileType = sourcecode.swift; path = AppDelegate.swift; sourceTree = "<group>"; };
		5DEC9234215B7C4100D116BB /* Base */ = {isa = PBXFileReference; lastKnownFileType = file.storyboard; name = Base; path = Base.lproj/Main.storyboard; sourceTree = "<group>"; };
		5DEC9236215B7C4200D116BB /* Assets.xcassets */ = {isa = PBXFileReference; lastKnownFileType = folder.assetcatalog; path = Assets.xcassets; sourceTree = "<group>"; };
		5DEC9239215B7C4200D116BB /* Base */ = {isa = PBXFileReference; lastKnownFileType = file.storyboard; name = Base; path = Base.lproj/LaunchScreen.storyboard; sourceTree = "<group>"; };
		5DEC923B215B7C4200D116BB /* Info.plist */ = {isa = PBXFileReference; lastKnownFileType = text.plist.xml; path = Info.plist; sourceTree = "<group>"; };
		5DEC9241215B824600D116BB /* TableauController.swift */ = {isa = PBXFileReference; lastKnownFileType = sourcecode.swift; path = TableauController.swift; sourceTree = "<group>"; };
		5DEC9243215B853C00D116BB /* Chansons.swift */ = {isa = PBXFileReference; lastKnownFileType = sourcecode.swift; path = Chansons.swift; sourceTree = "<group>"; };
		5DEC9245215B96C500D116BB /* ChansonCell.swift */ = {isa = PBXFileReference; lastKnownFileType = sourcecode.swift; path = ChansonCell.swift; sourceTree = "<group>"; };
/* End PBXFileReference section */

/* Begin PBXFrameworksBuildPhase section */
		5DEC9229215B7C4100D116BB /* Frameworks */ = {
			isa = PBXFrameworksBuildPhase;
			buildActionMask = 2147483647;
			files = (
			);
			runOnlyForDeploymentPostprocessing = 0;
		};
/* End PBXFrameworksBuildPhase section */

/* Begin PBXGroup section */
		5DEC9223215B7C4100D116BB = {
			isa = PBXGroup;
			children = (
				5DEC922E215B7C4100D116BB /* lecteur Youtube */,
				5DEC922D215B7C4100D116BB /* Products */,
			);
			sourceTree = "<group>";
		};
		5DEC922D215B7C4100D116BB /* Products */ = {
			isa = PBXGroup;
			children = (
				5DEC922C215B7C4100D116BB /* lecteur Youtube.app */,
			);
			name = Products;
			sourceTree = "<group>";
		};
		5DEC922E215B7C4100D116BB /* lecteur Youtube */ = {
			isa = PBXGroup;
			children = (
				5DEC922F215B7C4100D116BB /* AppDelegate.swift */,
				5DEC9233215B7C4100D116BB /* Main.storyboard */,
				5DEC9236215B7C4200D116BB /* Assets.xcassets */,
				5DEC9238215B7C4200D116BB /* LaunchScreen.storyboard */,
				5DEC923B215B7C4200D116BB /* Info.plist */,
				5DEC9241215B824600D116BB /* TableauController.swift */,
				5DEC9243215B853C00D116BB /* Chansons.swift */,
				5DEC9245215B96C500D116BB /* ChansonCell.swift */,
			);
			path = "lecteur Youtube";
			sourceTree = "<group>";
		};
/* End PBXGroup section */

/* Begin PBXNativeTarget section */
		5DEC922B215B7C4100D116BB /* lecteur Youtube */ = {
			isa = PBXNativeTarget;
			buildConfigurationList = 5DEC923E215B7C4200D116BB /* Build configuration list for PBXNativeTarget "lecteur Youtube" */;
			buildPhases = (
				5DEC9228215B7C4100D116BB /* Sources */,
				5DEC9229215B7C4100D116BB /* Frameworks */,
				5DEC922A215B7C4100D116BB /* Resources */,
			);
			buildRules = (
			);
			dependencies = (
			);
			name = "lecteur Youtube";
			productName = "lecteur Youtube";
			productReference = 5DEC922C215B7C4100D116BB /* lecteur Youtube.app */;
			productType = "com.apple.product-type.application";
		};
/* End PBXNativeTarget section */

/* Begin PBXProject section */
		5DEC9224215B7C4100D116BB /* Project object */ = {
			isa = PBXProject;
			attributes = {
				LastSwiftUpdateCheck = 0940;
				LastUpgradeCheck = 0940;
				ORGANIZATIONNAME = CHEVALIER;
				TargetAttributes = {
					5DEC922B215B7C4100D116BB = {
						CreatedOnToolsVersion = 9.4.1;
					};
				};
			};
			buildConfigurationList = 5DEC9227215B7C4100D116BB /* Build configuration list for PBXProject "lecteur Youtube" */;
			compatibilityVersion = "Xcode 9.3";
			developmentRegion = en;
			hasScannedForEncodings = 0;
			knownRegions = (
				en,
				Base,
			);
			mainGroup = 5DEC9223215B7C4100D116BB;
			productRefGroup = 5DEC922D215B7C4100D116BB /* Products */;
			projectDirPath = "";
			projectRoot = "";
			targets = (
				5DEC922B215B7C4100D116BB /* lecteur Youtube */,
			);
		};
/* End PBXProject section */

/* Begin PBXResourcesBuildPhase section */
		5DEC922A215B7C4100D116BB /* Resources */ = {
			isa = PBXResourcesBuildPhase;
			buildActionMask = 2147483647;
			files = (
				5DEC923A215B7C4200D116BB /* LaunchScreen.storyboard in Resources */,
				5DEC9237215B7C4200D116BB /* Assets.xcassets in Resources */,
				5DEC9235215B7C4100D116BB /* Main.storyboard in Resources */,
			);
			runOnlyForDeploymentPostprocessing = 0;
		};
/* End PBXResourcesBuildPhase section */

/* Begin PBXSourcesBuildPhase section */
		5DEC9228215B7C4100D116BB /* Sources */ = {
			isa = PBXSourcesBuildPhase;
			buildActionMask = 2147483647;
			files = (
				5DEC9242215B824600D116BB /* TableauController.swift in Sources */,
				5DEC9230215B7C4100D116BB /* AppDelegate.swift in Sources */,
				5DEC9246215B96C500D116BB /* ChansonCell.swift in Sources */,
				5DEC9244215B853C00D116BB /* Chansons.swift in Sources */,
			);
			runOnlyForDeploymentPostprocessing = 0;
		};
/* End PBXSourcesBuildPhase section */

/* Begin PBXVariantGroup section */
		5DEC9233215B7C4100D116BB /* Main.storyboard */ = {
			isa = PBXVariantGroup;
			children = (
				5DEC9234215B7C4100D116BB /* Base */,
			);
			name = Main.storyboard;
			sourceTree = "<group>";
		};
		5DEC9238215B7C4200D116BB /* LaunchScreen.storyboard */ = {
			isa = PBXVariantGroup;
			children = (
				5DEC9239215B7C4200D116BB /* Base */,
			);
			name = LaunchScreen.storyboard;
			sourceTree = "<group>";
		};
/* End PBXVariantGroup section */

/* Begin XCBuildConfiguration section */
		5DEC923C215B7C4200D116BB /* Debug */ = {
			isa = XCBuildConfiguration;
			buildSettings = {
				ALWAYS_SEARCH_USER_PATHS = NO;
				CLANG_ANALYZER_NONNULL = YES;
				CLANG_ANALYZER_NUMBER_OBJECT_CONVERSION = YES_AGGRESSIVE;
				CLANG_CXX_LANGUAGE_STANDARD = "gnu++14";
				CLANG_CXX_LIBRARY = "libc++";
				CLANG_ENABLE_MODULES = YES;
				CLANG_ENABLE_OBJC_ARC = YES;
				CLANG_ENABLE_OBJC_WEAK = YES;
				CLANG_WARN_BLOCK_CAPTURE_AUTORELEASING = YES;
				CLANG_WARN_BOOL_CONVERSION = YES;
				CLANG_WARN_COMMA = YES;
				CLANG_WARN_CONSTANT_CONVERSION = YES;
				CLANG_WARN_DEPRECATED_OBJC_IMPLEMENTATIONS = YES;
				CLANG_WARN_DIRECT_OBJC_ISA_USAGE = YES_ERROR;
				CLANG_WARN_DOCUMENTATION_COMMENTS = YES;
				CLANG_WARN_EMPTY_BODY = YES;
				CLANG_WARN_ENUM_CONVERSION = YES;
				CLANG_WARN_INFINITE_RECURSION = YES;
				CLANG_WARN_INT_CONVERSION = YES;
				CLANG_WARN_NON_LITERAL_NULL_CONVERSION = YES;
				CLANG_WARN_OBJC_IMPLICIT_RETAIN_SELF = YES;
				CLANG_WARN_OBJC_LITERAL_CONVERSION = YES;
				CLANG_WARN_OBJC_ROOT_CLASS = YES_ERROR;
				CLANG_WARN_RANGE_LOOP_ANALYSIS = YES;
				CLANG_WARN_STRICT_PROTOTYPES = YES;
				CLANG_WARN_SUSPICIOUS_MOVE = YES;
				CLANG_WARN_UNGUARDED_AVAILABILITY = YES_AGGRESSIVE;
				CLANG_WARN_UNREACHABLE_CODE = YES;
				CLANG_WARN__DUPLICATE_METHOD_MATCH = YES;
				CODE_SIGN_IDENTITY = "iPhone Developer";
				COPY_PHASE_STRIP = NO;
				DEBUG_INFORMATION_FORMAT = dwarf;
				ENABLE_STRICT_OBJC_MSGSEND = YES;
				ENABLE_TESTABILITY = YES;
				GCC_C_LANGUAGE_STANDARD = gnu11;
				GCC_DYNAMIC_NO_PIC = NO;
				GCC_NO_COMMON_BLOCKS = YES;
				GCC_OPTIMIZATION_LEVEL = 0;
				GCC_PREPROCESSOR_DEFINITIONS = (
					"DEBUG=1",
					"$(inherited)",
				);
				GCC_WARN_64_TO_32_BIT_CONVERSION = YES;
				GCC_WARN_ABOUT_RETURN_TYPE = YES_ERROR;
				GCC_WARN_UNDECLARED_SELECTOR = YES;
				GCC_WARN_UNINITIALIZED_AUTOS = YES_AGGRESSIVE;
				GCC_WARN_UNUSED_FUNCTION = YES;
				GCC_WARN_UNUSED_VARIABLE = YES;
				IPHONEOS_DEPLOYMENT_TARGET = 11.4;
				MTL_ENABLE_DEBUG_INFO = YES;
				ONLY_ACTIVE_ARCH = YES;
				SDKROOT = iphoneos;
				SWIFT_ACTIVE_COMPILATION_CONDITIONS = DEBUG;
				SWIFT_OPTIMIZATION_LEVEL = "-Onone";
			};
			name = Debug;
		};
		5DEC923D215B7C4200D116BB /* Release */ = {
			isa = XCBuildConfiguration;
			buildSettings = {
				ALWAYS_SEARCH_USER_PATHS = NO;
				CLANG_ANALYZER_NONNULL = YES;
				CLANG_ANALYZER_NUMBER_OBJECT_CONVERSION = YES_AGGRESSIVE;
				CLANG_CXX_LANGUAGE_STANDARD = "gnu++14";
				CLANG_CXX_LIBRARY = "libc++";
				CLANG_ENABLE_MODULES = YES;
				CLANG_ENABLE_OBJC_ARC = YES;
				CLANG_ENABLE_OBJC_WEAK = YES;
				CLANG_WARN_BLOCK_CAPTURE_AUTORELEASING = YES;
				CLANG_WARN_BOOL_CONVERSION = YES;
				CLANG_WARN_COMMA = YES;
				CLANG_WARN_CONSTANT_CONVERSION = YES;
				CLANG_WARN_DEPRECATED_OBJC_IMPLEMENTATIONS = YES;
				CLANG_WARN_DIRECT_OBJC_ISA_USAGE = YES_ERROR;
				CLANG_WARN_DOCUMENTATION_COMMENTS = YES;
				CLANG_WARN_EMPTY_BODY = YES;
				CLANG_WARN_ENUM_CONVERSION = YES;
				CLANG_WARN_INFINITE_RECURSION = YES;
				CLANG_WARN_INT_CONVERSION = YES;
				CLANG_WARN_NON_LITERAL_NULL_CONVERSION = YES;
				CLANG_WARN_OBJC_IMPLICIT_RETAIN_SELF = YES;
				CLANG_WARN_OBJC_LITERAL_CONVERSION = YES;
				CLANG_WARN_OBJC_ROOT_CLASS = YES_ERROR;
				CLANG_WARN_RANGE_LOOP_ANALYSIS = YES;
				CLANG_WARN_STRICT_PROTOTYPES = YES;
				CLANG_WARN_SUSPICIOUS_MOVE = YES;
				CLANG_WARN_UNGUARDED_AVAILABILITY = YES_AGGRESSIVE;
				CLANG_WARN_UNREACHABLE_CODE = YES;
				CLANG_WARN__DUPLICATE_METHOD_MATCH = YES;
				CODE_SIGN_IDENTITY = "iPhone Developer";
				COPY_PHASE_STRIP = NO;
				DEBUG_INFORMATION_FORMAT = "dwarf-with-dsym";
				ENABLE_NS_ASSERTIONS = NO;
				ENABLE_STRICT_OBJC_MSGSEND = YES;
				GCC_C_LANGUAGE_STANDARD = gnu11;
				GCC_NO_COMMON_BLOCKS = YES;
				GCC_WARN_64_TO_32_BIT_CONVERSION = YES;
				GCC_WARN_ABOUT_RETURN_TYPE = YES_ERROR;
				GCC_WARN_UNDECLARED_SELECTOR = YES;
				GCC_WARN_UNINITIALIZED_AUTOS = YES_AGGRESSIVE;
				GCC_WARN_UNUSED_FUNCTION = YES;
				GCC_WARN_UNUSED_VARIABLE = YES;
				IPHONEOS_DEPLOYMENT_TARGET = 11.4;
				MTL_ENABLE_DEBUG_INFO = NO;
				SDKROOT = iphoneos;
				SWIFT_COMPILATION_MODE = wholemodule;
				SWIFT_OPTIMIZATION_LEVEL = "-O";
				VALIDATE_PRODUCT = YES;
			};
			name = Release;
		};
		5DEC923F215B7C4200D116BB /* Debug */ = {
			isa = XCBuildConfiguration;
			buildSettings = {
				ASSETCATALOG_COMPILER_APPICON_NAME = AppIcon;
				CODE_SIGN_STYLE = Automatic;
				INFOPLIST_FILE = "lecteur Youtube/Info.plist";
				LD_RUNPATH_SEARCH_PATHS = (
					"$(inherited)",
					"@executable_path/Frameworks",
				);
				PRODUCT_BUNDLE_IDENTIFIER = "com.naytika.lecteur-Youtube";
				PRODUCT_NAME = "$(TARGET_NAME)";
				SWIFT_VERSION = 4.0;
				TARGETED_DEVICE_FAMILY = "1,2";
			};
			name = Debug;
		};
		5DEC9240215B7C4200D116BB /* Release */ = {
			isa = XCBuildConfiguration;
			buildSettings = {
				ASSETCATALOG_COMPILER_APPICON_NAME = AppIcon;
				CODE_SIGN_STYLE = Automatic;
				INFOPLIST_FILE = "lecteur Youtube/Info.plist";
				LD_RUNPATH_SEARCH_PATHS = (
					"$(inherited)",
					"@executable_path/Frameworks",
				);
				PRODUCT_BUNDLE_IDENTIFIER = "com.naytika.lecteur-Youtube";
				PRODUCT_NAME = "$(TARGET_NAME)";
				SWIFT_VERSION = 4.0;
				TARGETED_DEVICE_FAMILY = "1,2";
			};
			name = Release;
		};
/* End XCBuildConfiguration section */

/* Begin XCConfigurationList section */
		5DEC9227215B7C4100D116BB /* Build configuration list for PBXProject "lecteur Youtube" */ = {
			isa = XCConfigurationList;
			buildConfigurations = (
				5DEC923C215B7C4200D116BB /* Debug */,
				5DEC923D215B7C4200D116BB /* Release */,
			);
			defaultConfigurationIsVisible = 0;
			defaultConfigurationName = Release;
		};
		5DEC923E215B7C4200D116BB /* Build configuration list for PBXNativeTarget "lecteur Youtube" */ = {
			isa = XCConfigurationList;
			buildConfigurations = (
				5DEC923F215B7C4200D116BB /* Debug */,
				5DEC9240215B7C4200D116BB /* Release */,
			);
			defaultConfigurationIsVisible = 0;
			defaultConfigurationName = Release;
		};
/* End XCConfigurationList section */
	};
	rootObject = 5DEC9224215B7C4100D116BB /* Project object */;
}
